
Microsoft Visual Studio Solution File, Format Version 12.00
# Visual Studio Version 16
VisualStudioVersion = 16.0.28803.452
MinimumVisualStudioVersion = 10.0.40219.1
Project("{9A19103F-16F7-4668-BE54-9A1E7A4F7556}") = "Dice", "Dice\Dice.csproj", "{66BE9868-6F9B-4D51-9562-3E93F31183DC}"
EndProject
Project("{FAE04EC0-301F-11D3-BF4B-00C04F79EFBC}") = "DiceUnitTests", "DiceUnitTests\DiceUnitTests.csproj", "{944CFC54-3465-4268-852F-892CAA27FD48}"
EndProject
Global
	GlobalSection(SolutionConfigurationPlatforms) = preSolution
		Debug|Any CPU = Debug|Any CPU
		Release|Any CPU = Release|Any CPU
	EndGlobalSection
	GlobalSection(ProjectConfigurationPlatforms) = postSolution
		{66BE9868-6F9B-4D51-9562-3E93F31183DC}.Debug|Any CPU.ActiveCfg = Debug|Any CPU
		{66BE9868-6F9B-4D51-9562-3E93F31183DC}.Debug|Any CPU.Build.0 = Debug|Any CPU
		{66BE9868-6F9B-4D51-9562-3E93F31183DC}.Release|Any CPU.ActiveCfg = Release|Any CPU
		{66BE9868-6F9B-4D51-9562-3E93F31183DC}.Release|Any CPU.Build.0 = Release|Any CPU
		{944CFC54-3465-4268-852F-892CAA27FD48}.Debug|Any CPU.ActiveCfg = Debug|Any CPU
		{944CFC54-3465-4268-852F-892CAA27FD48}.Debug|Any CPU.Build.0 = Debug|Any CPU
		{944CFC54-3465-4268-852F-892CAA27FD48}.Release|Any CPU.ActiveCfg = Release|Any CPU
		{944CFC54-3465-4268-852F-892CAA27FD48}.Release|Any CPU.Build.0 = Release|Any CPU
	EndGlobalSection
	GlobalSection(SolutionProperties) = preSolution
		HideSolutionNode = FALSE
	EndGlobalSection
	GlobalSection(ExtensibilityGlobals) = postSolution
		SolutionGuid = {73844F84-8376-4A81-B3E8-6EBF8E8B9B08}
	EndGlobalSection
EndGlobal
